
Microsoft Visual Studio Solution File, Format Version 12.00
# Visual Studio Version 16
VisualStudioVersion = 16.0.30804.86
MinimumVisualStudioVersion = 10.0.40219.1
Project("{F184B08F-C81C-45F6-A57F-5ABD9991F28F}") = "Elevation4XL", "Elevation4XL.vbproj", "{4E410222-0D98-48EF-B044-78C4B817C4E9}"
EndProject
Global
	GlobalSection(SolutionConfigurationPlatforms) = preSolution
		Debug|Any CPU = Debug|Any CPU
		Release|Any CPU = Release|Any CPU
	EndGlobalSection
	GlobalSection(ProjectConfigurationPlatforms) = postSolution
		{4E410222-0D98-48EF-B044-78C4B817C4E9}.Debug|Any CPU.ActiveCfg = Debug|Any CPU
		{4E410222-0D98-48EF-B044-78C4B817C4E9}.Debug|Any CPU.Build.0 = Debug|Any CPU
		{4E410222-0D98-48EF-B044-78C4B817C4E9}.Release|Any CPU.ActiveCfg = Release|Any CPU
		{4E410222-0D98-48EF-B044-78C4B817C4E9}.Release|Any CPU.Build.0 = Release|Any CPU
	EndGlobalSection
	GlobalSection(SolutionProperties) = preSolution
		HideSolutionNode = FALSE
	EndGlobalSection
	GlobalSection(ExtensibilityGlobals) = postSolution
		SolutionGuid = {106C9BAB-1FF5-48FA-84B4-4CDC41096A1A}
	EndGlobalSection
EndGlobal
